{
    "_readme": [
        "This file locks the dependencies of your project to a known state",
        "Read more about it at https://getcomposer.org/doc/01-basic-usage.md#composer-lock-the-lock-file",
        "This file is @generated automatically"
    ],
    "hash": "134a0feb97e7fc21391e95c002c6e49c",
    "content-hash": "80224669bfacca3cda468f14a64b02de",
    "packages": [
        {
            "name": "aklump/loft_data_grids",
            "version": "0.4.17",
            "source": {
                "type": "git",
                "url": "https://github.com/aklump/loft_data_grids.git",
                "reference": "aa2e7636ee8b650513f70c91a0ebf43c7f362cb7"
            },
            "dist": {
                "type": "zip",
                "url": "https://api.github.com/repos/aklump/loft_data_grids/zipball/aa2e7636ee8b650513f70c91a0ebf43c7f362cb7",
                "reference": "aa2e7636ee8b650513f70c91a0ebf43c7f362cb7",
                "shasum": ""
            },
            "require": {
                "php": ">=5.3.0",
                "phpoffice/phpexcel": "1.8.*",
                "symfony/yaml": "2.3.*"
            },
            "type": "library",
            "autoload": {
                "psr-4": {
                    "": "src/"
                }
            },
            "notification-url": "https://packagist.org/downloads/",
            "license": [
                "BSD-3-Clause"
            ],
            "authors": [
                {
                    "name": "Aaron Klump",
                    "email": "sourcecode@intheloftstudios.com",
                    "homepage": "http://www.intheloftstudios.com",
                    "role": "Developer"
                }
            ],
            "description": "PHP Classes to allow data placement in a grid structure and exporting in various data formats.",
            "homepage": "http://github.com/aklump/loft_data_grids",
            "keywords": [
                "csv",
                "excel",
                "export",
                "spreadsheet"
            ],
            "time": "2016-03-31 22:15:18"
        },
        {
            "name": "phpoffice/phpexcel",
            "version": "1.8.1",
            "source": {
                "type": "git",
                "url": "https://github.com/PHPOffice/PHPExcel.git",
                "reference": "372c7cbb695a6f6f1e62649381aeaa37e7e70b32"
            },
            "dist": {
                "type": "zip",
                "url": "https://api.github.com/repos/PHPOffice/PHPExcel/zipball/372c7cbb695a6f6f1e62649381aeaa37e7e70b32",
                "reference": "372c7cbb695a6f6f1e62649381aeaa37e7e70b32",
                "shasum": ""
            },
            "require": {
                "ext-xml": "*",
                "ext-xmlwriter": "*",
                "php": ">=5.2.0"
            },
            "type": "library",
            "autoload": {
                "psr-0": {
                    "PHPExcel": "Classes/"
                }
            },
            "notification-url": "https://packagist.org/downloads/",
            "license": [
                "LGPL"
            ],
            "authors": [
                {
                    "name": "Maarten Balliauw",
                    "homepage": "http://blog.maartenballiauw.be"
                },
                {
                    "name": "Mark Baker"
                },
                {
                    "name": "Franck Lefevre",
                    "homepage": "http://blog.rootslabs.net"
                },
                {
                    "name": "Erik Tilt"
                }
            ],
            "description": "PHPExcel - OpenXML - Read, Create and Write Spreadsheet documents in PHP - Spreadsheet engine",
            "homepage": "http://phpexcel.codeplex.com",
            "keywords": [
                "OpenXML",
                "excel",
                "php",
                "spreadsheet",
                "xls",
                "xlsx"
            ],
            "time": "2015-05-01 07:00:55"
        },
        {
            "name": "symfony/yaml",
            "version": "v2.3.42",
            "target-dir": "Symfony/Component/Yaml",
            "source": {
                "type": "git",
                "url": "https://github.com/symfony/yaml.git",
                "reference": "2cb5f366f9e0df014fc93de46cc416ba0a3055f8"
            },
            "dist": {
                "type": "zip",
                "url": "https://api.github.com/repos/symfony/yaml/zipball/2cb5f366f9e0df014fc93de46cc416ba0a3055f8",
                "reference": "2cb5f366f9e0df014fc93de46cc416ba0a3055f8",
                "shasum": ""
            },
            "require": {
                "php": ">=5.3.3"
            },
            "type": "library",
            "extra": {
                "branch-alias": {
                    "dev-master": "2.3-dev"
                }
            },
            "autoload": {
                "psr-0": {
                    "Symfony\\Component\\Yaml\\": ""
                },
                "exclude-from-classmap": [
                    "/Tests/"
                ]
            },
            "notification-url": "https://packagist.org/downloads/",
            "license": [
                "MIT"
            ],
            "authors": [
                {
                    "name": "Fabien Potencier",
                    "email": "fabien@symfony.com"
                },
                {
                    "name": "Symfony Community",
                    "homepage": "https://symfony.com/contributors"
                }
            ],
            "description": "Symfony Yaml Component",
            "homepage": "https://symfony.com",
            "time": "2016-05-30 08:10:17"
        }
    ],
    "packages-dev": [],
    "aliases": [],
    "minimum-stability": "stable",
    "stability-flags": [],
    "prefer-stable": false,
    "prefer-lowest": false,
    "platform": [],
    "platform-dev": []
}
